
Microsoft Visual Studio Solution File, Format Version 12.00
# Visual Studio Version 16
VisualStudioVersion = 16.0.32428.217
MinimumVisualStudioVersion = 10.0.40219.1
Project("{FAE04EC0-301F-11D3-BF4B-00C04F79EFBC}") = "PracticeHTML", "PracticeHTML\PracticeHTML.csproj", "{5E22F95C-907E-4FBD-A643-B024FFB29883}"
EndProject
Global
	GlobalSection(SolutionConfigurationPlatforms) = preSolution
		Debug|Any CPU = Debug|Any CPU
		Release|Any CPU = Release|Any CPU
	EndGlobalSection
	GlobalSection(ProjectConfigurationPlatforms) = postSolution
		{5E22F95C-907E-4FBD-A643-B024FFB29883}.Debug|Any CPU.ActiveCfg = Debug|Any CPU
		{5E22F95C-907E-4FBD-A643-B024FFB29883}.Debug|Any CPU.Build.0 = Debug|Any CPU
		{5E22F95C-907E-4FBD-A643-B024FFB29883}.Release|Any CPU.ActiveCfg = Release|Any CPU
		{5E22F95C-907E-4FBD-A643-B024FFB29883}.Release|Any CPU.Build.0 = Release|Any CPU
	EndGlobalSection
	GlobalSection(SolutionProperties) = preSolution
		HideSolutionNode = FALSE
	EndGlobalSection
	GlobalSection(ExtensibilityGlobals) = postSolution
		SolutionGuid = {6C02B73C-4AC1-488D-BE9B-667BCECD1060}
	EndGlobalSection
EndGlobal
